// !$*UTF8*$!
{
	archiveVersion = 1;
	classes = {
	};
	objectVersion = 46;
	objects = {

/* Begin PBXBuildFile section */
		95DFDC8D14EE7E1300DA84E1 /* UIKit.framework in Frameworks */ = {isa = PBXBuildFile; fileRef = 95DFDC8C14EE7E1300DA84E1 /* UIKit.framework */; };
		95DFDC8F14EE7E1300DA84E1 /* Foundation.framework in Frameworks */ = {isa = PBXBuildFile; fileRef = 95DFDC8E14EE7E1300DA84E1 /* Foundation.framework */; };
		95DFDC9114EE7E1300DA84E1 /* CoreGraphics.framework in Frameworks */ = {isa = PBXBuildFile; fileRef = 95DFDC9014EE7E1300DA84E1 /* CoreGraphics.framework */; };
		95DFDC9714EE7E1300DA84E1 /* InfoPlist.strings in Resources */ = {isa = PBXBuildFile; fileRef = 95DFDC9514EE7E1300DA84E1 /* InfoPlist.strings */; };
		95DFDC9914EE7E1300DA84E1 /* main.m in Sources */ = {isa = PBXBuildFile; fileRef = 95DFDC9814EE7E1300DA84E1 /* main.m */; };
		95DFDC9D14EE7E1300DA84E1 /* AppDelegate.m in Sources */ = {isa = PBXBuildFile; fileRef = 95DFDC9C14EE7E1300DA84E1 /* AppDelegate.m */; };
		95DFDCA014EE7E1400DA84E1 /* ViewController.m in Sources */ = {isa = PBXBuildFile; fileRef = 95DFDC9F14EE7E1400DA84E1 /* ViewController.m */; };
		95DFDCA314EE7E1400DA84E1 /* ViewController.xib in Resources */ = {isa = PBXBuildFile; fileRef = 95DFDCA114EE7E1400DA84E1 /* ViewController.xib */; };
/* End PBXBuildFile section */

/* Begin PBXFileReference section */
		95DFDC8814EE7E1300DA84E1 /* iMagickWand.app */ = {isa = PBXFileReference; explicitFileType = wrapper.application; includeInIndex = 0; path = iMagickWand.app; sourceTree = BUILT_PRODUCTS_DIR; };
		95DFDC8C14EE7E1300DA84E1 /* UIKit.framework */ = {isa = PBXFileReference; lastKnownFileType = wrapper.framework; name = UIKit.framework; path = System/Library/Frameworks/UIKit.framework; sourceTree = SDKROOT; };
		95DFDC8E14EE7E1300DA84E1 /* Foundation.framework */ = {isa = PBXFileReference; lastKnownFileType = wrapper.framework; name = Foundation.framework; path = System/Library/Frameworks/Foundation.framework; sourceTree = SDKROOT; };
		95DFDC9014EE7E1300DA84E1 /* CoreGraphics.framework */ = {isa = PBXFileReference; lastKnownFileType = wrapper.framework; name = CoreGraphics.framework; path = System/Library/Frameworks/CoreGraphics.framework; sourceTree = SDKROOT; };
		95DFDC9414EE7E1300DA84E1 /* iMagickWand-Info.plist */ = {isa = PBXFileReference; lastKnownFileType = text.plist.xml; path = "iMagickWand-Info.plist"; sourceTree = "<group>"; };
		95DFDC9614EE7E1300DA84E1 /* en */ = {isa = PBXFileReference; lastKnownFileType = text.plist.strings; name = en; path = en.lproj/InfoPlist.strings; sourceTree = "<group>"; };
		95DFDC9814EE7E1300DA84E1 /* main.m */ = {isa = PBXFileReference; lastKnownFileType = sourcecode.c.objc; path = main.m; sourceTree = "<group>"; };
		95DFDC9A14EE7E1300DA84E1 /* iMagickWand-Prefix.pch */ = {isa = PBXFileReference; lastKnownFileType = sourcecode.c.h; path = "iMagickWand-Prefix.pch"; sourceTree = "<group>"; };
		95DFDC9B14EE7E1300DA84E1 /* AppDelegate.h */ = {isa = PBXFileReference; lastKnownFileType = sourcecode.c.h; path = AppDelegate.h; sourceTree = "<group>"; };
		95DFDC9C14EE7E1300DA84E1 /* AppDelegate.m */ = {isa = PBXFileReference; lastKnownFileType = sourcecode.c.objc; path = AppDelegate.m; sourceTree = "<group>"; };
		95DFDC9E14EE7E1300DA84E1 /* ViewController.h */ = {isa = PBXFileReference; lastKnownFileType = sourcecode.c.h; path = ViewController.h; sourceTree = "<group>"; };
		95DFDC9F14EE7E1400DA84E1 /* ViewController.m */ = {isa = PBXFileReference; lastKnownFileType = sourcecode.c.objc; path = ViewController.m; sourceTree = "<group>"; };
		95DFDCA214EE7E1400DA84E1 /* en */ = {isa = PBXFileReference; lastKnownFileType = file.xib; name = en; path = en.lproj/ViewController.xib; sourceTree = "<group>"; };
/* End PBXFileReference section */

/* Begin PBXFrameworksBuildPhase section */
		95DFDC8514EE7E1300DA84E1 /* Frameworks */ = {
			isa = PBXFrameworksBuildPhase;
			buildActionMask = 2147483647;
			files = (
				95DFDC8D14EE7E1300DA84E1 /* UIKit.framework in Frameworks */,
				95DFDC8F14EE7E1300DA84E1 /* Foundation.framework in Frameworks */,
				95DFDC9114EE7E1300DA84E1 /* CoreGraphics.framework in Frameworks */,
			);
			runOnlyForDeploymentPostprocessing = 0;
		};
/* End PBXFrameworksBuildPhase section */

/* Begin PBXGroup section */
		95DFDC7D14EE7E1300DA84E1 = {
			isa = PBXGroup;
			children = (
				95DFDC9214EE7E1300DA84E1 /* iMagickWand */,
				95DFDC8B14EE7E1300DA84E1 /* Frameworks */,
				95DFDC8914EE7E1300DA84E1 /* Products */,
			);
			sourceTree = "<group>";
		};
		95DFDC8914EE7E1300DA84E1 /* Products */ = {
			isa = PBXGroup;
			children = (
				95DFDC8814EE7E1300DA84E1 /* iMagickWand.app */,
			);
			name = Products;
			sourceTree = "<group>";
		};
		95DFDC8B14EE7E1300DA84E1 /* Frameworks */ = {
			isa = PBXGroup;
			children = (
				95DFDC8C14EE7E1300DA84E1 /* UIKit.framework */,
				95DFDC8E14EE7E1300DA84E1 /* Foundation.framework */,
				95DFDC9014EE7E1300DA84E1 /* CoreGraphics.framework */,
			);
			name = Frameworks;
			sourceTree = "<group>";
		};
		95DFDC9214EE7E1300DA84E1 /* iMagickWand */ = {
			isa = PBXGroup;
			children = (
				95DFDC9B14EE7E1300DA84E1 /* AppDelegate.h */,
				95DFDC9C14EE7E1300DA84E1 /* AppDelegate.m */,
				95DFDC9E14EE7E1300DA84E1 /* ViewController.h */,
				95DFDC9F14EE7E1400DA84E1 /* ViewController.m */,
				95DFDCA114EE7E1400DA84E1 /* ViewController.xib */,
				95DFDC9314EE7E1300DA84E1 /* Supporting Files */,
			);
			path = iMagickWand;
			sourceTree = "<group>";
		};
		95DFDC9314EE7E1300DA84E1 /* Supporting Files */ = {
			isa = PBXGroup;
			children = (
				95DFDC9414EE7E1300DA84E1 /* iMagickWand-Info.plist */,
				95DFDC9514EE7E1300DA84E1 /* InfoPlist.strings */,
				95DFDC9814EE7E1300DA84E1 /* main.m */,
				95DFDC9A14EE7E1300DA84E1 /* iMagickWand-Prefix.pch */,
			);
			name = "Supporting Files";
			sourceTree = "<group>";
		};
/* End PBXGroup section */

/* Begin PBXNativeTarget section */
		95DFDC8714EE7E1300DA84E1 /* iMagickWand */ = {
			isa = PBXNativeTarget;
			buildConfigurationList = 95DFDCA614EE7E1400DA84E1 /* Build configuration list for PBXNativeTarget "iMagickWand" */;
			buildPhases = (
				95DFDC8414EE7E1300DA84E1 /* Sources */,
				95DFDC8514EE7E1300DA84E1 /* Frameworks */,
				95DFDC8614EE7E1300DA84E1 /* Resources */,
			);
			buildRules = (
			);
			dependencies = (
			);
			name = iMagickWand;
			productName = iMagickWand;
			productReference = 95DFDC8814EE7E1300DA84E1 /* iMagickWand.app */;
			productType = "com.apple.product-type.application";
		};
/* End PBXNativeTarget section */

/* Begin PBXProject section */
		95DFDC7F14EE7E1300DA84E1 /* Project object */ = {
			isa = PBXProject;
			attributes = {
				LastUpgradeCheck = 0420;
			};
			buildConfigurationList = 95DFDC8214EE7E1300DA84E1 /* Build configuration list for PBXProject "iMagickWand" */;
			compatibilityVersion = "Xcode 3.2";
			developmentRegion = English;
			hasScannedForEncodings = 0;
			knownRegions = (
				en,
			);
			mainGroup = 95DFDC7D14EE7E1300DA84E1;
			productRefGroup = 95DFDC8914EE7E1300DA84E1 /* Products */;
			projectDirPath = "";
			projectRoot = "";
			targets = (
				95DFDC8714EE7E1300DA84E1 /* iMagickWand */,
			);
		};
/* End PBXProject section */

/* Begin PBXResourcesBuildPhase section */
		95DFDC8614EE7E1300DA84E1 /* Resources */ = {
			isa = PBXResourcesBuildPhase;
			buildActionMask = 2147483647;
			files = (
				95DFDC9714EE7E1300DA84E1 /* InfoPlist.strings in Resources */,
				95DFDCA314EE7E1400DA84E1 /* ViewController.xib in Resources */,
			);
			runOnlyForDeploymentPostprocessing = 0;
		};
/* End PBXResourcesBuildPhase section */

/* Begin PBXSourcesBuildPhase section */
		95DFDC8414EE7E1300DA84E1 /* Sources */ = {
			isa = PBXSourcesBuildPhase;
			buildActionMask = 2147483647;
			files = (
				95DFDC9914EE7E1300DA84E1 /* main.m in Sources */,
				95DFDC9D14EE7E1300DA84E1 /* AppDelegate.m in Sources */,
				95DFDCA014EE7E1400DA84E1 /* ViewController.m in Sources */,
			);
			runOnlyForDeploymentPostprocessing = 0;
		};
/* End PBXSourcesBuildPhase section */

/* Begin PBXVariantGroup section */
		95DFDC9514EE7E1300DA84E1 /* InfoPlist.strings */ = {
			isa = PBXVariantGroup;
			children = (
				95DFDC9614EE7E1300DA84E1 /* en */,
			);
			name = InfoPlist.strings;
			sourceTree = "<group>";
		};
		95DFDCA114EE7E1400DA84E1 /* ViewController.xib */ = {
			isa = PBXVariantGroup;
			children = (
				95DFDCA214EE7E1400DA84E1 /* en */,
			);
			name = ViewController.xib;
			sourceTree = "<group>";
		};
/* End PBXVariantGroup section */

/* Begin XCBuildConfiguration section */
		95DFDCA414EE7E1400DA84E1 /* Debug */ = {
			isa = XCBuildConfiguration;
			buildSettings = {
				ALWAYS_SEARCH_USER_PATHS = NO;
				ARCHS = "$(ARCHS_STANDARD_32_BIT)";
				"CODE_SIGN_IDENTITY[sdk=iphoneos*]" = "iPhone Developer";
				COPY_PHASE_STRIP = NO;
				GCC_C_LANGUAGE_STANDARD = gnu99;
				GCC_DYNAMIC_NO_PIC = NO;
				GCC_OPTIMIZATION_LEVEL = 0;
				GCC_PREPROCESSOR_DEFINITIONS = (
					"DEBUG=1",
					"$(inherited)",
				);
				GCC_SYMBOLS_PRIVATE_EXTERN = NO;
				GCC_VERSION = com.apple.compilers.llvm.clang.1_0;
				GCC_WARN_ABOUT_MISSING_PROTOTYPES = YES;
				GCC_WARN_ABOUT_RETURN_TYPE = YES;
				GCC_WARN_UNUSED_VARIABLE = YES;
				IPHONEOS_DEPLOYMENT_TARGET = 5.0;
				SDKROOT = iphoneos;
			};
			name = Debug;
		};
		95DFDCA514EE7E1400DA84E1 /* Release */ = {
			isa = XCBuildConfiguration;
			buildSettings = {
				ALWAYS_SEARCH_USER_PATHS = NO;
				ARCHS = "$(ARCHS_STANDARD_32_BIT)";
				"CODE_SIGN_IDENTITY[sdk=iphoneos*]" = "iPhone Developer";
				COPY_PHASE_STRIP = YES;
				GCC_C_LANGUAGE_STANDARD = gnu99;
				GCC_VERSION = com.apple.compilers.llvm.clang.1_0;
				GCC_WARN_ABOUT_MISSING_PROTOTYPES = YES;
				GCC_WARN_ABOUT_RETURN_TYPE = YES;
				GCC_WARN_UNUSED_VARIABLE = YES;
				IPHONEOS_DEPLOYMENT_TARGET = 5.0;
				OTHER_CFLAGS = "-DNS_BLOCK_ASSERTIONS=1";
				SDKROOT = iphoneos;
				VALIDATE_PRODUCT = YES;
			};
			name = Release;
		};
		95DFDCA714EE7E1400DA84E1 /* Debug */ = {
			isa = XCBuildConfiguration;
			buildSettings = {
				GCC_PRECOMPILE_PREFIX_HEADER = YES;
				GCC_PREFIX_HEADER = "iMagickWand/iMagickWand-Prefix.pch";
				INFOPLIST_FILE = "iMagickWand/iMagickWand-Info.plist";
				PRODUCT_NAME = "$(TARGET_NAME)";
				WRAPPER_EXTENSION = app;
			};
			name = Debug;
		};
		95DFDCA814EE7E1400DA84E1 /* Release */ = {
			isa = XCBuildConfiguration;
			buildSettings = {
				GCC_PRECOMPILE_PREFIX_HEADER = YES;
				GCC_PREFIX_HEADER = "iMagickWand/iMagickWand-Prefix.pch";
				INFOPLIST_FILE = "iMagickWand/iMagickWand-Info.plist";
				PRODUCT_NAME = "$(TARGET_NAME)";
				WRAPPER_EXTENSION = app;
			};
			name = Release;
		};
/* End XCBuildConfiguration section */

/* Begin XCConfigurationList section */
		95DFDC8214EE7E1300DA84E1 /* Build configuration list for PBXProject "iMagickWand" */ = {
			isa = XCConfigurationList;
			buildConfigurations = (
				95DFDCA414EE7E1400DA84E1 /* Debug */,
				95DFDCA514EE7E1400DA84E1 /* Release */,
			);
			defaultConfigurationIsVisible = 0;
			defaultConfigurationName = Release;
		};
		95DFDCA614EE7E1400DA84E1 /* Build configuration list for PBXNativeTarget "iMagickWand" */ = {
			isa = XCConfigurationList;
			buildConfigurations = (
				95DFDCA714EE7E1400DA84E1 /* Debug */,
				95DFDCA814EE7E1400DA84E1 /* Release */,
			);
			defaultConfigurationIsVisible = 0;
		};
/* End XCConfigurationList section */
	};
	rootObject = 95DFDC7F14EE7E1300DA84E1 /* Project object */;
}
